
Microsoft Visual Studio Solution File, Format Version 12.00
# Visual Studio 15
VisualStudioVersion = 15.0.26403.7
MinimumVisualStudioVersion = 10.0.40219.1
Project("{FAE04EC0-301F-11D3-BF4B-00C04F79EFBC}") = "LunchTime", "LunchTime\LunchTime.csproj", "{406BE2AD-91A5-444E-B1B6-D712AB6BC8FF}"
EndProject
Project("{FAE04EC0-301F-11D3-BF4B-00C04F79EFBC}") = "LunchTimeTests", "LunchTimeTests\LunchTimeTests.csproj", "{D54DAC3B-315F-43AD-A51D-9131A226E838}"
EndProject
Project("{2150E333-8FDC-42A3-9474-1A3956D46DE8}") = "Solution Items", "Solution Items", "{B11426CF-0681-4D49-8C15-F2B6928235E6}"
	ProjectSection(SolutionItems) = preProject
		LICENSE.md = LICENSE.md
		README.md = README.md
	EndProjectSection
EndProject
Global
	GlobalSection(SolutionConfigurationPlatforms) = preSolution
		Debug|Any CPU = Debug|Any CPU
		Release|Any CPU = Release|Any CPU
	EndGlobalSection
	GlobalSection(ProjectConfigurationPlatforms) = postSolution
		{406BE2AD-91A5-444E-B1B6-D712AB6BC8FF}.Debug|Any CPU.ActiveCfg = Debug|Any CPU
		{406BE2AD-91A5-444E-B1B6-D712AB6BC8FF}.Debug|Any CPU.Build.0 = Debug|Any CPU
		{406BE2AD-91A5-444E-B1B6-D712AB6BC8FF}.Release|Any CPU.ActiveCfg = Release|Any CPU
		{406BE2AD-91A5-444E-B1B6-D712AB6BC8FF}.Release|Any CPU.Build.0 = Release|Any CPU
		{D54DAC3B-315F-43AD-A51D-9131A226E838}.Debug|Any CPU.ActiveCfg = Debug|Any CPU
		{D54DAC3B-315F-43AD-A51D-9131A226E838}.Debug|Any CPU.Build.0 = Debug|Any CPU
		{D54DAC3B-315F-43AD-A51D-9131A226E838}.Release|Any CPU.ActiveCfg = Release|Any CPU
		{D54DAC3B-315F-43AD-A51D-9131A226E838}.Release|Any CPU.Build.0 = Release|Any CPU
	EndGlobalSection
	GlobalSection(SolutionProperties) = preSolution
		HideSolutionNode = FALSE
	EndGlobalSection
EndGlobal
